
Microsoft Visual Studio Solution File, Format Version 12.00
# Visual Studio Version 16
VisualStudioVersion = 16.0.31515.178
MinimumVisualStudioVersion = 10.0.40219.1
Project("{FAE04EC0-301F-11D3-BF4B-00C04F79EFBC}") = "FileSharing", "FileSharing\FileSharing.csproj", "{27A2545D-537F-449C-AEDB-BBFE850738F1}"
EndProject
Global
	GlobalSection(SolutionConfigurationPlatforms) = preSolution
		Debug|Any CPU = Debug|Any CPU
		Release|Any CPU = Release|Any CPU
	EndGlobalSection
	GlobalSection(ProjectConfigurationPlatforms) = postSolution
		{27A2545D-537F-449C-AEDB-BBFE850738F1}.Debug|Any CPU.ActiveCfg = Debug|Any CPU
		{27A2545D-537F-449C-AEDB-BBFE850738F1}.Debug|Any CPU.Build.0 = Debug|Any CPU
		{27A2545D-537F-449C-AEDB-BBFE850738F1}.Release|Any CPU.ActiveCfg = Release|Any CPU
		{27A2545D-537F-449C-AEDB-BBFE850738F1}.Release|Any CPU.Build.0 = Release|Any CPU
	EndGlobalSection
	GlobalSection(SolutionProperties) = preSolution
		HideSolutionNode = FALSE
	EndGlobalSection
	GlobalSection(ExtensibilityGlobals) = postSolution
		SolutionGuid = {8EEC851C-D137-4656-B4EF-1712CE87246C}
	EndGlobalSection
EndGlobal
